{
  "name": "20241115EsercitazioneCompitino",
  "lockfileVersion": 3,
  "requires": true,
  "packages": {
    "": {
      "dependencies": {
        "filter": "^0.1.1"
      }
    },
    "node_modules/filter": {
      "version": "0.1.1",
      "resolved": "https://registry.npmjs.org/filter/-/filter-0.1.1.tgz",
      "integrity": "sha512-fHi0Gg8j7NJHmOJITCQZBwN2dPT03KiOllxf6xkT+tr8WAAUcgYVwZXc2F13wgXHwyVwY/LpA/O9c+tHi7aSPg==",
      "engines": {
        "node": "*"
      }
    }
  }
}
